// !$*UTF8*$!
{
	archiveVersion = 1;
	classes = {
	};
	objectVersion = 55;
	objects = {

/* Begin PBXBuildFile section */
		6CD7AB9228AAB64B007CDBAE /* TextToEmojiExampleApp.swift in Sources */ = {isa = PBXBuildFile; fileRef = 6CD7AB9128AAB64B007CDBAE /* TextToEmojiExampleApp.swift */; };
		6CD7AB9428AAB64B007CDBAE /* ContentView.swift in Sources */ = {isa = PBXBuildFile; fileRef = 6CD7AB9328AAB64B007CDBAE /* ContentView.swift */; };
		6CD7AB9628AAB64D007CDBAE /* Assets.xcassets in Resources */ = {isa = PBXBuildFile; fileRef = 6CD7AB9528AAB64D007CDBAE /* Assets.xcassets */; };
		6CD7AB9928AAB64D007CDBAE /* Preview Assets.xcassets in Resources */ = {isa = PBXBuildFile; fileRef = 6CD7AB9828AAB64D007CDBAE /* Preview Assets.xcassets */; };
		6CD7ABA728AAB76F007CDBAE /* TextToEmoji in Frameworks */ = {isa = PBXBuildFile; productRef = 6CD7ABA628AAB76F007CDBAE /* TextToEmoji */; };
/* End PBXBuildFile section */

/* Begin PBXFileReference section */
		6CD7AB8E28AAB64B007CDBAE /* TextToEmojiExample.app */ = {isa = PBXFileReference; explicitFileType = wrapper.application; includeInIndex = 0; path = TextToEmojiExample.app; sourceTree = BUILT_PRODUCTS_DIR; };
		6CD7AB9128AAB64B007CDBAE /* TextToEmojiExampleApp.swift */ = {isa = PBXFileReference; lastKnownFileType = sourcecode.swift; path = TextToEmojiExampleApp.swift; sourceTree = "<group>"; };
		6CD7AB9328AAB64B007CDBAE /* ContentView.swift */ = {isa = PBXFileReference; lastKnownFileType = sourcecode.swift; path = ContentView.swift; sourceTree = "<group>"; };
		6CD7AB9528AAB64D007CDBAE /* Assets.xcassets */ = {isa = PBXFileReference; lastKnownFileType = folder.assetcatalog; path = Assets.xcassets; sourceTree = "<group>"; };
		6CD7AB9828AAB64D007CDBAE /* Preview Assets.xcassets */ = {isa = PBXFileReference; lastKnownFileType = folder.assetcatalog; path = "Preview Assets.xcassets"; sourceTree = "<group>"; };
		6CD7AB9F28AAB686007CDBAE /* Info.plist */ = {isa = PBXFileReference; lastKnownFileType = text.plist.xml; path = Info.plist; sourceTree = "<group>"; };
		6CD7ABA428AAB74B007CDBAE /* text-to-emoji */ = {isa = PBXFileReference; lastKnownFileType = wrapper; name = "text-to-emoji"; path = ..; sourceTree = "<group>"; };
/* End PBXFileReference section */

/* Begin PBXFrameworksBuildPhase section */
		6CD7AB8B28AAB64B007CDBAE /* Frameworks */ = {
			isa = PBXFrameworksBuildPhase;
			buildActionMask = 2147483647;
			files = (
				6CD7ABA728AAB76F007CDBAE /* TextToEmoji in Frameworks */,
			);
			runOnlyForDeploymentPostprocessing = 0;
		};
/* End PBXFrameworksBuildPhase section */

/* Begin PBXGroup section */
		6CD7AB8528AAB64B007CDBAE = {
			isa = PBXGroup;
			children = (
				6CD7ABA428AAB74B007CDBAE /* text-to-emoji */,
				6CD7AB9028AAB64B007CDBAE /* TextToEmojiExample */,
				6CD7AB8F28AAB64B007CDBAE /* Products */,
				6CD7ABA528AAB76F007CDBAE /* Frameworks */,
			);
			sourceTree = "<group>";
		};
		6CD7AB8F28AAB64B007CDBAE /* Products */ = {
			isa = PBXGroup;
			children = (
				6CD7AB8E28AAB64B007CDBAE /* TextToEmojiExample.app */,
			);
			name = Products;
			sourceTree = "<group>";
		};
		6CD7AB9028AAB64B007CDBAE /* TextToEmojiExample */ = {
			isa = PBXGroup;
			children = (
				6CD7ABA928AAB7DA007CDBAE /* Application */,
				6CD7ABA828AAB7A4007CDBAE /* Resources */,
				6CD7AB9328AAB64B007CDBAE /* ContentView.swift */,
			);
			path = TextToEmojiExample;
			sourceTree = "<group>";
		};
		6CD7AB9728AAB64D007CDBAE /* Preview Content */ = {
			isa = PBXGroup;
			children = (
				6CD7AB9828AAB64D007CDBAE /* Preview Assets.xcassets */,
			);
			path = "Preview Content";
			sourceTree = "<group>";
		};
		6CD7ABA528AAB76F007CDBAE /* Frameworks */ = {
			isa = PBXGroup;
			children = (
			);
			name = Frameworks;
			sourceTree = "<group>";
		};
		6CD7ABA828AAB7A4007CDBAE /* Resources */ = {
			isa = PBXGroup;
			children = (
				6CD7AB9528AAB64D007CDBAE /* Assets.xcassets */,
				6CD7AB9728AAB64D007CDBAE /* Preview Content */,
			);
			path = Resources;
			sourceTree = "<group>";
		};
		6CD7ABA928AAB7DA007CDBAE /* Application */ = {
			isa = PBXGroup;
			children = (
				6CD7AB9F28AAB686007CDBAE /* Info.plist */,
				6CD7AB9128AAB64B007CDBAE /* TextToEmojiExampleApp.swift */,
			);
			path = Application;
			sourceTree = "<group>";
		};
/* End PBXGroup section */

/* Begin PBXNativeTarget section */
		6CD7AB8D28AAB64B007CDBAE /* TextToEmojiExample */ = {
			isa = PBXNativeTarget;
			buildConfigurationList = 6CD7AB9C28AAB64D007CDBAE /* Build configuration list for PBXNativeTarget "TextToEmojiExample" */;
			buildPhases = (
				6CD7AB8A28AAB64B007CDBAE /* Sources */,
				6CD7AB8B28AAB64B007CDBAE /* Frameworks */,
				6CD7AB8C28AAB64B007CDBAE /* Resources */,
			);
			buildRules = (
			);
			dependencies = (
			);
			name = TextToEmojiExample;
			packageProductDependencies = (
				6CD7ABA628AAB76F007CDBAE /* TextToEmoji */,
			);
			productName = TextToEmojiExample;
			productReference = 6CD7AB8E28AAB64B007CDBAE /* TextToEmojiExample.app */;
			productType = "com.apple.product-type.application";
		};
/* End PBXNativeTarget section */

/* Begin PBXProject section */
		6CD7AB8628AAB64B007CDBAE /* Project object */ = {
			isa = PBXProject;
			attributes = {
				BuildIndependentTargetsInParallel = 1;
				LastSwiftUpdateCheck = 1340;
				LastUpgradeCheck = 1340;
				TargetAttributes = {
					6CD7AB8D28AAB64B007CDBAE = {
						CreatedOnToolsVersion = 13.4.1;
					};
				};
			};
			buildConfigurationList = 6CD7AB8928AAB64B007CDBAE /* Build configuration list for PBXProject "TextToEmojiExample" */;
			compatibilityVersion = "Xcode 13.0";
			developmentRegion = en;
			hasScannedForEncodings = 0;
			knownRegions = (
				en,
				Base,
			);
			mainGroup = 6CD7AB8528AAB64B007CDBAE;
			productRefGroup = 6CD7AB8F28AAB64B007CDBAE /* Products */;
			projectDirPath = "";
			projectRoot = "";
			targets = (
				6CD7AB8D28AAB64B007CDBAE /* TextToEmojiExample */,
			);
		};
/* End PBXProject section */

/* Begin PBXResourcesBuildPhase section */
		6CD7AB8C28AAB64B007CDBAE /* Resources */ = {
			isa = PBXResourcesBuildPhase;
			buildActionMask = 2147483647;
			files = (
				6CD7AB9928AAB64D007CDBAE /* Preview Assets.xcassets in Resources */,
				6CD7AB9628AAB64D007CDBAE /* Assets.xcassets in Resources */,
			);
			runOnlyForDeploymentPostprocessing = 0;
		};
/* End PBXResourcesBuildPhase section */

/* Begin PBXSourcesBuildPhase section */
		6CD7AB8A28AAB64B007CDBAE /* Sources */ = {
			isa = PBXSourcesBuildPhase;
			buildActionMask = 2147483647;
			files = (
				6CD7AB9428AAB64B007CDBAE /* ContentView.swift in Sources */,
				6CD7AB9228AAB64B007CDBAE /* TextToEmojiExampleApp.swift in Sources */,
			);
			runOnlyForDeploymentPostprocessing = 0;
		};
/* End PBXSourcesBuildPhase section */

/* Begin XCBuildConfiguration section */
		6CD7AB9A28AAB64D007CDBAE /* Debug */ = {
			isa = XCBuildConfiguration;
			buildSettings = {
				ALWAYS_SEARCH_USER_PATHS = NO;
				CLANG_ANALYZER_NONNULL = YES;
				CLANG_ANALYZER_NUMBER_OBJECT_CONVERSION = YES_AGGRESSIVE;
				CLANG_CXX_LANGUAGE_STANDARD = "gnu++17";
				CLANG_ENABLE_MODULES = YES;
				CLANG_ENABLE_OBJC_ARC = YES;
				CLANG_ENABLE_OBJC_WEAK = YES;
				CLANG_WARN_BLOCK_CAPTURE_AUTORELEASING = YES;
				CLANG_WARN_BOOL_CONVERSION = YES;
				CLANG_WARN_COMMA = YES;
				CLANG_WARN_CONSTANT_CONVERSION = YES;
				CLANG_WARN_DEPRECATED_OBJC_IMPLEMENTATIONS = YES;
				CLANG_WARN_DIRECT_OBJC_ISA_USAGE = YES_ERROR;
				CLANG_WARN_DOCUMENTATION_COMMENTS = YES;
				CLANG_WARN_EMPTY_BODY = YES;
				CLANG_WARN_ENUM_CONVERSION = YES;
				CLANG_WARN_INFINITE_RECURSION = YES;
				CLANG_WARN_INT_CONVERSION = YES;
				CLANG_WARN_NON_LITERAL_NULL_CONVERSION = YES;
				CLANG_WARN_OBJC_IMPLICIT_RETAIN_SELF = YES;
				CLANG_WARN_OBJC_LITERAL_CONVERSION = YES;
				CLANG_WARN_OBJC_ROOT_CLASS = YES_ERROR;
				CLANG_WARN_QUOTED_INCLUDE_IN_FRAMEWORK_HEADER = YES;
				CLANG_WARN_RANGE_LOOP_ANALYSIS = YES;
				CLANG_WARN_STRICT_PROTOTYPES = YES;
				CLANG_WARN_SUSPICIOUS_MOVE = YES;
				CLANG_WARN_UNGUARDED_AVAILABILITY = YES_AGGRESSIVE;
				CLANG_WARN_UNREACHABLE_CODE = YES;
				CLANG_WARN__DUPLICATE_METHOD_MATCH = YES;
				COPY_PHASE_STRIP = NO;
				DEBUG_INFORMATION_FORMAT = dwarf;
				ENABLE_STRICT_OBJC_MSGSEND = YES;
				ENABLE_TESTABILITY = YES;
				GCC_C_LANGUAGE_STANDARD = gnu11;
				GCC_DYNAMIC_NO_PIC = NO;
				GCC_NO_COMMON_BLOCKS = YES;
				GCC_OPTIMIZATION_LEVEL = 0;
				GCC_PREPROCESSOR_DEFINITIONS = (
					"DEBUG=1",
					"$(inherited)",
				);
				GCC_WARN_64_TO_32_BIT_CONVERSION = YES;
				GCC_WARN_ABOUT_RETURN_TYPE = YES_ERROR;
				GCC_WARN_UNDECLARED_SELECTOR = YES;
				GCC_WARN_UNINITIALIZED_AUTOS = YES_AGGRESSIVE;
				GCC_WARN_UNUSED_FUNCTION = YES;
				GCC_WARN_UNUSED_VARIABLE = YES;
				IPHONEOS_DEPLOYMENT_TARGET = 15.0;
				MTL_ENABLE_DEBUG_INFO = INCLUDE_SOURCE;
				MTL_FAST_MATH = YES;
				ONLY_ACTIVE_ARCH = YES;
				SDKROOT = iphoneos;
				SWIFT_ACTIVE_COMPILATION_CONDITIONS = DEBUG;
				SWIFT_OPTIMIZATION_LEVEL = "-Onone";
			};
			name = Debug;
		};
		6CD7AB9B28AAB64D007CDBAE /* Release */ = {
			isa = XCBuildConfiguration;
			buildSettings = {
				ALWAYS_SEARCH_USER_PATHS = NO;
				CLANG_ANALYZER_NONNULL = YES;
				CLANG_ANALYZER_NUMBER_OBJECT_CONVERSION = YES_AGGRESSIVE;
				CLANG_CXX_LANGUAGE_STANDARD = "gnu++17";
				CLANG_ENABLE_MODULES = YES;
				CLANG_ENABLE_OBJC_ARC = YES;
				CLANG_ENABLE_OBJC_WEAK = YES;
				CLANG_WARN_BLOCK_CAPTURE_AUTORELEASING = YES;
				CLANG_WARN_BOOL_CONVERSION = YES;
				CLANG_WARN_COMMA = YES;
				CLANG_WARN_CONSTANT_CONVERSION = YES;
				CLANG_WARN_DEPRECATED_OBJC_IMPLEMENTATIONS = YES;
				CLANG_WARN_DIRECT_OBJC_ISA_USAGE = YES_ERROR;
				CLANG_WARN_DOCUMENTATION_COMMENTS = YES;
				CLANG_WARN_EMPTY_BODY = YES;
				CLANG_WARN_ENUM_CONVERSION = YES;
				CLANG_WARN_INFINITE_RECURSION = YES;
				CLANG_WARN_INT_CONVERSION = YES;
				CLANG_WARN_NON_LITERAL_NULL_CONVERSION = YES;
				CLANG_WARN_OBJC_IMPLICIT_RETAIN_SELF = YES;
				CLANG_WARN_OBJC_LITERAL_CONVERSION = YES;
				CLANG_WARN_OBJC_ROOT_CLASS = YES_ERROR;
				CLANG_WARN_QUOTED_INCLUDE_IN_FRAMEWORK_HEADER = YES;
				CLANG_WARN_RANGE_LOOP_ANALYSIS = YES;
				CLANG_WARN_STRICT_PROTOTYPES = YES;
				CLANG_WARN_SUSPICIOUS_MOVE = YES;
				CLANG_WARN_UNGUARDED_AVAILABILITY = YES_AGGRESSIVE;
				CLANG_WARN_UNREACHABLE_CODE = YES;
				CLANG_WARN__DUPLICATE_METHOD_MATCH = YES;
				COPY_PHASE_STRIP = NO;
				DEBUG_INFORMATION_FORMAT = "dwarf-with-dsym";
				ENABLE_NS_ASSERTIONS = NO;
				ENABLE_STRICT_OBJC_MSGSEND = YES;
				GCC_C_LANGUAGE_STANDARD = gnu11;
				GCC_NO_COMMON_BLOCKS = YES;
				GCC_WARN_64_TO_32_BIT_CONVERSION = YES;
				GCC_WARN_ABOUT_RETURN_TYPE = YES_ERROR;
				GCC_WARN_UNDECLARED_SELECTOR = YES;
				GCC_WARN_UNINITIALIZED_AUTOS = YES_AGGRESSIVE;
				GCC_WARN_UNUSED_FUNCTION = YES;
				GCC_WARN_UNUSED_VARIABLE = YES;
				IPHONEOS_DEPLOYMENT_TARGET = 15.0;
				MTL_ENABLE_DEBUG_INFO = NO;
				MTL_FAST_MATH = YES;
				SDKROOT = iphoneos;
				SWIFT_COMPILATION_MODE = wholemodule;
				SWIFT_OPTIMIZATION_LEVEL = "-O";
				VALIDATE_PRODUCT = YES;
			};
			name = Release;
		};
		6CD7AB9D28AAB64D007CDBAE /* Debug */ = {
			isa = XCBuildConfiguration;
			buildSettings = {
				ASSETCATALOG_COMPILER_APPICON_NAME = AppIcon;
				ASSETCATALOG_COMPILER_GLOBAL_ACCENT_COLOR_NAME = AccentColor;
				CODE_SIGN_STYLE = Automatic;
				CURRENT_PROJECT_VERSION = 1;
				DEVELOPMENT_ASSET_PATHS = "TextToEmojiExample/Resources/Preview\\ Content/Preview\\ Assets.xcassets";
				DEVELOPMENT_TEAM = Q6AEA497G4;
				ENABLE_PREVIEWS = YES;
				GENERATE_INFOPLIST_FILE = YES;
				INFOPLIST_FILE = TextToEmojiExample/Application/Info.plist;
				INFOPLIST_KEY_UIApplicationSupportsIndirectInputEvents = YES;
				INFOPLIST_KEY_UILaunchScreen_Generation = YES;
				INFOPLIST_KEY_UISupportedInterfaceOrientations = UIInterfaceOrientationPortrait;
				INFOPLIST_KEY_UISupportedInterfaceOrientations_iPad = "UIInterfaceOrientationPortrait UIInterfaceOrientationPortraitUpsideDown UIInterfaceOrientationLandscapeLeft UIInterfaceOrientationLandscapeRight";
				INFOPLIST_KEY_UISupportedInterfaceOrientations_iPhone = "UIInterfaceOrientationPortrait UIInterfaceOrientationLandscapeLeft UIInterfaceOrientationLandscapeRight";
				LD_RUNPATH_SEARCH_PATHS = (
					"$(inherited)",
					"@executable_path/Frameworks",
				);
				MARKETING_VERSION = 1.0;
				PRODUCT_BUNDLE_IDENTIFIER = com.wouterwisse.TextToEmojiExample;
				PRODUCT_NAME = "$(TARGET_NAME)";
				SWIFT_EMIT_LOC_STRINGS = YES;
				SWIFT_VERSION = 5.0;
				TARGETED_DEVICE_FAMILY = "1,2";
			};
			name = Debug;
		};
		6CD7AB9E28AAB64D007CDBAE /* Release */ = {
			isa = XCBuildConfiguration;
			buildSettings = {
				ASSETCATALOG_COMPILER_APPICON_NAME = AppIcon;
				ASSETCATALOG_COMPILER_GLOBAL_ACCENT_COLOR_NAME = AccentColor;
				CODE_SIGN_STYLE = Automatic;
				CURRENT_PROJECT_VERSION = 1;
				DEVELOPMENT_ASSET_PATHS = "TextToEmojiExample/Resources/Preview\\ Content/Preview\\ Assets.xcassets";
				DEVELOPMENT_TEAM = Q6AEA497G4;
				ENABLE_PREVIEWS = YES;
				GENERATE_INFOPLIST_FILE = YES;
				INFOPLIST_FILE = TextToEmojiExample/Application/Info.plist;
				INFOPLIST_KEY_UIApplicationSupportsIndirectInputEvents = YES;
				INFOPLIST_KEY_UILaunchScreen_Generation = YES;
				INFOPLIST_KEY_UISupportedInterfaceOrientations = UIInterfaceOrientationPortrait;
				INFOPLIST_KEY_UISupportedInterfaceOrientations_iPad = "UIInterfaceOrientationPortrait UIInterfaceOrientationPortraitUpsideDown UIInterfaceOrientationLandscapeLeft UIInterfaceOrientationLandscapeRight";
				INFOPLIST_KEY_UISupportedInterfaceOrientations_iPhone = "UIInterfaceOrientationPortrait UIInterfaceOrientationLandscapeLeft UIInterfaceOrientationLandscapeRight";
				LD_RUNPATH_SEARCH_PATHS = (
					"$(inherited)",
					"@executable_path/Frameworks",
				);
				MARKETING_VERSION = 1.0;
				PRODUCT_BUNDLE_IDENTIFIER = com.wouterwisse.TextToEmojiExample;
				PRODUCT_NAME = "$(TARGET_NAME)";
				SWIFT_EMIT_LOC_STRINGS = YES;
				SWIFT_VERSION = 5.0;
				TARGETED_DEVICE_FAMILY = "1,2";
			};
			name = Release;
		};
/* End XCBuildConfiguration section */

/* Begin XCConfigurationList section */
		6CD7AB8928AAB64B007CDBAE /* Build configuration list for PBXProject "TextToEmojiExample" */ = {
			isa = XCConfigurationList;
			buildConfigurations = (
				6CD7AB9A28AAB64D007CDBAE /* Debug */,
				6CD7AB9B28AAB64D007CDBAE /* Release */,
			);
			defaultConfigurationIsVisible = 0;
			defaultConfigurationName = Release;
		};
		6CD7AB9C28AAB64D007CDBAE /* Build configuration list for PBXNativeTarget "TextToEmojiExample" */ = {
			isa = XCConfigurationList;
			buildConfigurations = (
				6CD7AB9D28AAB64D007CDBAE /* Debug */,
				6CD7AB9E28AAB64D007CDBAE /* Release */,
			);
			defaultConfigurationIsVisible = 0;
			defaultConfigurationName = Release;
		};
/* End XCConfigurationList section */

/* Begin XCSwiftPackageProductDependency section */
		6CD7ABA628AAB76F007CDBAE /* TextToEmoji */ = {
			isa = XCSwiftPackageProductDependency;
			productName = TextToEmoji;
		};
/* End XCSwiftPackageProductDependency section */
	};
	rootObject = 6CD7AB8628AAB64B007CDBAE /* Project object */;
}
